# This file is automatically @generated by Poetry 1.5.6 and should not be changed by hand.

[[package]]
name = "functions"
version = "0.7.0"
description = "Functional programming in Python"
optional = false
python-versions = "*"
files = [
    {file = "functions-0.7.0.tar.gz", hash = "sha256:5a36bd11d36bbce210fecddd9ff1a475a86035905818a4075d6c7ebb2f714181"},
]

[metadata]
lock-version = "2.0"
python-versions = ">=3.10.0,<3.12"
content-hash = "6f1a49cb48ec1606ed2220be26b8bcd297b8403a848391603ee4b98cf585c628"
